
Microsoft Visual Studio Solution File, Format Version 12.00
# Visual Studio Version 16
VisualStudioVersion = 16.0.31624.102
MinimumVisualStudioVersion = 10.0.40219.1
Project("{8BC9CEB8-8B4A-11D0-8D11-00A0C91BC942}") = "1120210020", "1120210020\1120210020.vcxproj", "{BB4E95C4-7B43-49A5-8BD4-AA57C29D6AE0}"
EndProject
Global
	GlobalSection(SolutionConfigurationPlatforms) = preSolution
		Debug|x64 = Debug|x64
		Debug|x86 = Debug|x86
		Release|x64 = Release|x64
		Release|x86 = Release|x86
	EndGlobalSection
	GlobalSection(ProjectConfigurationPlatforms) = postSolution
		{BB4E95C4-7B43-49A5-8BD4-AA57C29D6AE0}.Debug|x64.ActiveCfg = Debug|x64
		{BB4E95C4-7B43-49A5-8BD4-AA57C29D6AE0}.Debug|x64.Build.0 = Debug|x64
		{BB4E95C4-7B43-49A5-8BD4-AA57C29D6AE0}.Debug|x86.ActiveCfg = Debug|Win32
		{BB4E95C4-7B43-49A5-8BD4-AA57C29D6AE0}.Debug|x86.Build.0 = Debug|Win32
		{BB4E95C4-7B43-49A5-8BD4-AA57C29D6AE0}.Release|x64.ActiveCfg = Release|x64
		{BB4E95C4-7B43-49A5-8BD4-AA57C29D6AE0}.Release|x64.Build.0 = Release|x64
		{BB4E95C4-7B43-49A5-8BD4-AA57C29D6AE0}.Release|x86.ActiveCfg = Release|Win32
		{BB4E95C4-7B43-49A5-8BD4-AA57C29D6AE0}.Release|x86.Build.0 = Release|Win32
	EndGlobalSection
	GlobalSection(SolutionProperties) = preSolution
		HideSolutionNode = FALSE
	EndGlobalSection
	GlobalSection(ExtensibilityGlobals) = postSolution
		SolutionGuid = {A0ACD759-8943-47FB-9E0F-21D9F3933A0E}
	EndGlobalSection
EndGlobal
